
Microsoft Visual Studio Solution File, Format Version 12.00
# Visual Studio 15
VisualStudioVersion = 15.0.28010.2003
MinimumVisualStudioVersion = 10.0.40219.1
Project("{9A19103F-16F7-4668-BE54-9A1E7A4F7556}") = "Blog.Core", "Blog.Core\Blog.Core.csproj", "{2488CC5A-30FA-424C-AE93-C8F5B1B3EBB5}"
EndProject
Project("{FAE04EC0-301F-11D3-BF4B-00C04F79EFBC}") = "Blog.Core.Model", "Blog.Core.Model\Blog.Core.Model.csproj", "{CF023509-AA81-46EE-803A-AF6356D050B7}"
EndProject
Global
	GlobalSection(SolutionConfigurationPlatforms) = preSolution
		Debug|Any CPU = Debug|Any CPU
		Release|Any CPU = Release|Any CPU
	EndGlobalSection
	GlobalSection(ProjectConfigurationPlatforms) = postSolution
		{2488CC5A-30FA-424C-AE93-C8F5B1B3EBB5}.Debug|Any CPU.ActiveCfg = Debug|Any CPU
		{2488CC5A-30FA-424C-AE93-C8F5B1B3EBB5}.Debug|Any CPU.Build.0 = Debug|Any CPU
		{2488CC5A-30FA-424C-AE93-C8F5B1B3EBB5}.Release|Any CPU.ActiveCfg = Release|Any CPU
		{2488CC5A-30FA-424C-AE93-C8F5B1B3EBB5}.Release|Any CPU.Build.0 = Release|Any CPU
		{CF023509-AA81-46EE-803A-AF6356D050B7}.Debug|Any CPU.ActiveCfg = Debug|Any CPU
		{CF023509-AA81-46EE-803A-AF6356D050B7}.Debug|Any CPU.Build.0 = Debug|Any CPU
		{CF023509-AA81-46EE-803A-AF6356D050B7}.Release|Any CPU.ActiveCfg = Release|Any CPU
		{CF023509-AA81-46EE-803A-AF6356D050B7}.Release|Any CPU.Build.0 = Release|Any CPU
	EndGlobalSection
	GlobalSection(SolutionProperties) = preSolution
		HideSolutionNode = FALSE
	EndGlobalSection
	GlobalSection(ExtensibilityGlobals) = postSolution
		SolutionGuid = {94FFEFE2-91E7-403B-B499-FCB8CFF38106}
	EndGlobalSection
EndGlobal
